
Microsoft Visual Studio Solution File, Format Version 12.00
# Visual Studio Version 18
VisualStudioVersion = 18.1.11312.151
MinimumVisualStudioVersion = 10.0.40219.1
Project("{8BC9CEB8-8B4A-11D0-8D11-00A0C91BC942}") = "TritonSimRenderer", "TritonSimRenderer\TritonSimRenderer.vcxproj", "{FCC507EF-AEC0-432B-B6E4-27A5F8466205}"
EndProject
Project("{2150E333-8FDC-42A3-9474-1A3956D46DE8}") = "bgfx", "bgfx", "{02EA681E-C7D8-13C7-8484-4AC65E1B71E8}"
EndProject
Project("{8BC9CEB8-8B4A-11D0-8D11-00A0C91BC942}") = "bgfx", "3rdparty\bgfx\.build\projects\vs2022\bgfx.vcxproj", "{6C90947C-58C7-950D-01B4-7B10EDC9110F}"
EndProject
Project("{8BC9CEB8-8B4A-11D0-8D11-00A0C91BC942}") = "bimg", "3rdparty\bgfx\.build\projects\vs2022\bimg.vcxproj", "{C499947C-B0D0-950D-59BD-7B1045D3110F}"
EndProject
Project("{8BC9CEB8-8B4A-11D0-8D11-00A0C91BC942}") = "bimg_decode", "3rdparty\bgfx\.build\projects\vs2022\bimg_decode.vcxproj", "{A7B931CA-136F-AABF-9C63-A4960818A1C3}"
EndProject
Project("{8BC9CEB8-8B4A-11D0-8D11-00A0C91BC942}") = "bimg_encode", "3rdparty\bgfx\.build\projects\vs2022\bimg_encode.vcxproj", "{D1BE29CD-3D74-A2C2-C668-9C99321D99C6}"
EndProject
Project("{8BC9CEB8-8B4A-11D0-8D11-00A0C91BC942}") = "bx", "3rdparty\bgfx\.build\projects\vs2022\bx.vcxproj", "{5F775900-4B03-880B-B4B1-880BA05C880B}"
EndProject
Project("{8BC9CEB8-8B4A-11D0-8D11-00A0C91BC942}") = "fcpp", "3rdparty\bgfx\.build\projects\vs2022\fcpp.vcxproj", "{2EB2967C-1AE9-970D-C3D5-7D10AFEB130F}"
EndProject
Project("{8BC9CEB8-8B4A-11D0-8D11-00A0C91BC942}") = "geometryc", "3rdparty\bgfx\.build\projects\vs2022\geometryc.vcxproj", "{D4DE4E6C-4049-03E3-8987-B488F530E137}"
EndProject
Project("{8BC9CEB8-8B4A-11D0-8D11-00A0C91BC942}") = "geometryv", "3rdparty\bgfx\.build\projects\vs2022\geometryv.vcxproj", "{E7DE4E6C-5349-03E3-9C87-B4880831E137}"
EndProject
Project("{8BC9CEB8-8B4A-11D0-8D11-00A0C91BC942}") = "glslang", "3rdparty\bgfx\.build\projects\vs2022\glslang.vcxproj", "{0D19B900-79F8-379C-8210-C372EE6E9EFD}"
EndProject
Project("{8BC9CEB8-8B4A-11D0-8D11-00A0C91BC942}") = "glsl-optimizer", "3rdparty\bgfx\.build\projects\vs2022\glsl-optimizer.vcxproj", "{4783A312-3351-9718-1CE5-073F0852737D}"
EndProject
Project("{8BC9CEB8-8B4A-11D0-8D11-00A0C91BC942}") = "shaderc", "3rdparty\bgfx\.build\projects\vs2022\shaderc.vcxproj", "{FF44D591-6B24-542D-743C-DF03E09ABA8E}"
EndProject
Project("{8BC9CEB8-8B4A-11D0-8D11-00A0C91BC942}") = "spirv-cross", "3rdparty\bgfx\.build\projects\vs2022\spirv-cross.vcxproj", "{F0E19980-5C97-1276-E58B-0C4D5140097A}"
EndProject
Project("{8BC9CEB8-8B4A-11D0-8D11-00A0C91BC942}") = "spirv-opt", "3rdparty\bgfx\.build\projects\vs2022\spirv-opt.vcxproj", "{F952D147-65BD-85BE-AEFB-36641AA56313}"
EndProject
Project("{8BC9CEB8-8B4A-11D0-8D11-00A0C91BC942}") = "texturec", "3rdparty\bgfx\.build\projects\vs2022\texturec.vcxproj", "{B9F8A108-A5C5-FC13-CEDE-EABBBA0A32A2}"
EndProject
Project("{8BC9CEB8-8B4A-11D0-8D11-00A0C91BC942}") = "texturev", "3rdparty\bgfx\.build\projects\vs2022\texturev.vcxproj", "{CCF8A108-B8C5-FC13-E1DE-EABBCD0A32A2}"
EndProject
Project("{8BC9CEB8-8B4A-11D0-8D11-00A0C91BC942}") = "example-common", "3rdparty\bgfx\.build\projects\vs2022\example-common.vcxproj", "{A788128C-9356-0692-7CEA-76B86857E2F6}"
EndProject
Project("{8BC9CEB8-8B4A-11D0-8D11-00A0C91BC942}") = "example-glue", "3rdparty\bgfx\.build\projects\vs2022\example-glue.vcxproj", "{2B1D7912-1780-08B7-C005-416DAC47D439}"
EndProject
Project("{FAE04EC0-301F-11D3-BF4B-00C04F79EFBC}") = "TritonSim.GUI", "TritonSim.GUI\TritonSim.GUI.csproj", "{83DD2F81-83B1-4A63-94A5-AD4E7D176FC9}"
EndProject
Project("{FAE04EC0-301F-11D3-BF4B-00C04F79EFBC}") = "TritonSim.GUI.Android", "TritonSim.GUI.Android\TritonSim.GUI.Android.csproj", "{E364DE76-D1B3-42F2-80EE-4599A7EF92EC}"
EndProject
Project("{FAE04EC0-301F-11D3-BF4B-00C04F79EFBC}") = "TritonSim.GUI.Desktop", "TritonSim.GUI.Desktop\TritonSim.GUI.Desktop.csproj", "{D194B90E-F412-423B-BA3C-12FDCB75F1FD}"
	ProjectSection(ProjectDependencies) = postProject
		{FCC507EF-AEC0-432B-B6E4-27A5F8466205} = {FCC507EF-AEC0-432B-B6E4-27A5F8466205}
	EndProjectSection
EndProject
Project("{FAE04EC0-301F-11D3-BF4B-00C04F79EFBC}") = "TritonSim.GUI.iOS", "TritonSim.GUI.iOS\TritonSim.GUI.iOS.csproj", "{A8F36875-417D-434B-8ADF-0CFB93A5B649}"
EndProject
Project("{FAE04EC0-301F-11D3-BF4B-00C04F79EFBC}") = "TritonSim.GUI.Browser", "TritonSim.GUI.Browser\TritonSim.GUI.Browser.csproj", "{AD5B9DE9-C8A9-4036-ADDD-67E1A851095C}"
EndProject
Project("{FAE04EC0-301F-11D3-BF4B-00C04F79EFBC}") = "TritonSim.GUI.Test", "TritonSim.GUI.Test\TritonSim.GUI.Test.csproj", "{629332CE-F8D8-491C-B7B7-D401ED5C4974}"
EndProject
Project("{2150E333-8FDC-42A3-9474-1A3956D46DE8}") = "tools", "tools", "{D6970232-645D-4A61-B3B9-0542EBAD942E}"
EndProject
Project("{2150E333-8FDC-42A3-9474-1A3956D46DE8}") = "props", "props", "{343ABCAF-86A9-4703-89B0-6824275BB6CD}"
	ProjectSection(SolutionItems) = preProject
		Common\common.props = Common\common.props
		Directory.Packages.props = Directory.Packages.props
	EndProjectSection
EndProject
Project("{8BC9CEB8-8B4A-11D0-8D11-00A0C91BC942}") = "TritonSimShaderPacker", "TritonSimShaderPacker\TritonSimShaderPacker.vcxproj", "{33334638-3F40-4671-9DCA-3267E08CB3F5}"
EndProject
Project("{2150E333-8FDC-42A3-9474-1A3956D46DE8}") = "shaders", "shaders", "{90EA5824-C375-4D97-AFF8-DA9900B2CD17}"
	ProjectSection(SolutionItems) = preProject
		ShaderBin\bouncing_circle_fs.sc = ShaderBin\bouncing_circle_fs.sc
		ShaderBin\bouncing_circle_varying.def.sc = ShaderBin\bouncing_circle_varying.def.sc
		ShaderBin\bouncing_circle_vs.sc = ShaderBin\bouncing_circle_vs.sc
		ShaderBin\debug_line_fs.sc = ShaderBin\debug_line_fs.sc
		ShaderBin\debug_line_varying.def.sc = ShaderBin\debug_line_varying.def.sc
		ShaderBin\debug_line_vs.sc = ShaderBin\debug_line_vs.sc
		ShaderBin\gameoflife_2d_fs.sc = ShaderBin\gameoflife_2d_fs.sc
		ShaderBin\gameoflife_2d_varying.def.sc = ShaderBin\gameoflife_2d_varying.def.sc
		ShaderBin\gameoflife_2d_vs.sc = ShaderBin\gameoflife_2d_vs.sc
		ShaderBin\procedural_neon_pulse_fs.sc = ShaderBin\procedural_neon_pulse_fs.sc
		ShaderBin\procedural_neon_pulse_varying.def.sc = ShaderBin\procedural_neon_pulse_varying.def.sc
		ShaderBin\procedural_neon_pulse_vs.sc = ShaderBin\procedural_neon_pulse_vs.sc
		ShaderBin\_shader_config.json = ShaderBin\_shader_config.json
	EndProjectSection
EndProject
Project("{2150E333-8FDC-42A3-9474-1A3956D46DE8}") = "cmake", "cmake", "{26A65339-79B5-4918-97A7-5F18AFA90A98}"
	ProjectSection(SolutionItems) = preProject
		TritonSimRenderer\CMakeLists.txt = TritonSimRenderer\CMakeLists.txt
		TritonSimRenderer\CMakePresets.json = TritonSimRenderer\CMakePresets.json
	EndProjectSection
EndProject
Project("{2150E333-8FDC-42A3-9474-1A3956D46DE8}") = "build", "build", "{E43020E6-63E3-4CCE-AC96-EF18103CEC0F}"
	ProjectSection(SolutionItems) = preProject
		build.bat = build.bat
		build.config = build.config
		build.py = build.py
		build_complete.bat = build_complete.bat
		build_web.bat = build_web.bat
		build_web_wasm.bat = build_web_wasm.bat
		build_win.bat = build_win.bat
		run_web.py = run_web.py
	EndProjectSection
EndProject
Project("{2150E333-8FDC-42A3-9474-1A3956D46DE8}") = "common", "common", "{28F30983-25C5-41F2-81DD-2C6FB9C21F2C}"
	ProjectSection(SolutionItems) = preProject
		Common\common.props = Common\common.props
		Common\enums.json = Common\enums.json
		Common\enum_compile.bat = Common\enum_compile.bat
		Common\enum_compile.py = Common\enum_compile.py
		Common\enum_compile.sh = Common\enum_compile.sh
	EndProjectSection
EndProject
Global
	GlobalSection(SolutionConfigurationPlatforms) = preSolution
		Debug|Any CPU = Debug|Any CPU
		Debug|x64 = Debug|x64
		Debug|x86 = Debug|x86
		Release|Any CPU = Release|Any CPU
		Release|x64 = Release|x64
		Release|x86 = Release|x86
	EndGlobalSection
	GlobalSection(ProjectConfigurationPlatforms) = postSolution
		{FCC507EF-AEC0-432B-B6E4-27A5F8466205}.Debug|Any CPU.ActiveCfg = Debug|x64
		{FCC507EF-AEC0-432B-B6E4-27A5F8466205}.Debug|Any CPU.Build.0 = Debug|x64
		{FCC507EF-AEC0-432B-B6E4-27A5F8466205}.Debug|x64.ActiveCfg = Debug|x64
		{FCC507EF-AEC0-432B-B6E4-27A5F8466205}.Debug|x64.Build.0 = Debug|x64
		{FCC507EF-AEC0-432B-B6E4-27A5F8466205}.Debug|x86.ActiveCfg = Debug|Win32
		{FCC507EF-AEC0-432B-B6E4-27A5F8466205}.Debug|x86.Build.0 = Debug|Win32
		{FCC507EF-AEC0-432B-B6E4-27A5F8466205}.Release|Any CPU.ActiveCfg = Release|x64
		{FCC507EF-AEC0-432B-B6E4-27A5F8466205}.Release|Any CPU.Build.0 = Release|x64
		{FCC507EF-AEC0-432B-B6E4-27A5F8466205}.Release|x64.ActiveCfg = Release|x64
		{FCC507EF-AEC0-432B-B6E4-27A5F8466205}.Release|x64.Build.0 = Release|x64
		{FCC507EF-AEC0-432B-B6E4-27A5F8466205}.Release|x86.ActiveCfg = Release|Win32
		{FCC507EF-AEC0-432B-B6E4-27A5F8466205}.Release|x86.Build.0 = Release|Win32
		{6C90947C-58C7-950D-01B4-7B10EDC9110F}.Debug|Any CPU.ActiveCfg = Debug|x64
		{6C90947C-58C7-950D-01B4-7B10EDC9110F}.Debug|Any CPU.Build.0 = Debug|x64
		{6C90947C-58C7-950D-01B4-7B10EDC9110F}.Debug|x64.ActiveCfg = Debug|x64
		{6C90947C-58C7-950D-01B4-7B10EDC9110F}.Debug|x64.Build.0 = Debug|x64
		{6C90947C-58C7-950D-01B4-7B10EDC9110F}.Debug|x86.ActiveCfg = Debug|Win32
		{6C90947C-58C7-950D-01B4-7B10EDC9110F}.Debug|x86.Build.0 = Debug|Win32
		{6C90947C-58C7-950D-01B4-7B10EDC9110F}.Release|Any CPU.ActiveCfg = Release|x64
		{6C90947C-58C7-950D-01B4-7B10EDC9110F}.Release|Any CPU.Build.0 = Release|x64
		{6C90947C-58C7-950D-01B4-7B10EDC9110F}.Release|x64.ActiveCfg = Release|x64
		{6C90947C-58C7-950D-01B4-7B10EDC9110F}.Release|x64.Build.0 = Release|x64
		{6C90947C-58C7-950D-01B4-7B10EDC9110F}.Release|x86.ActiveCfg = Release|Win32
		{6C90947C-58C7-950D-01B4-7B10EDC9110F}.Release|x86.Build.0 = Release|Win32
		{C499947C-B0D0-950D-59BD-7B1045D3110F}.Debug|Any CPU.ActiveCfg = Debug|x64
		{C499947C-B0D0-950D-59BD-7B1045D3110F}.Debug|Any CPU.Build.0 = Debug|x64
		{C499947C-B0D0-950D-59BD-7B1045D3110F}.Debug|x64.ActiveCfg = Debug|x64
		{C499947C-B0D0-950D-59BD-7B1045D3110F}.Debug|x64.Build.0 = Debug|x64
		{C499947C-B0D0-950D-59BD-7B1045D3110F}.Debug|x86.ActiveCfg = Debug|Win32
		{C499947C-B0D0-950D-59BD-7B1045D3110F}.Debug|x86.Build.0 = Debug|Win32
		{C499947C-B0D0-950D-59BD-7B1045D3110F}.Release|Any CPU.ActiveCfg = Release|x64
		{C499947C-B0D0-950D-59BD-7B1045D3110F}.Release|Any CPU.Build.0 = Release|x64
		{C499947C-B0D0-950D-59BD-7B1045D3110F}.Release|x64.ActiveCfg = Release|x64
		{C499947C-B0D0-950D-59BD-7B1045D3110F}.Release|x64.Build.0 = Release|x64
		{C499947C-B0D0-950D-59BD-7B1045D3110F}.Release|x86.ActiveCfg = Release|Win32
		{C499947C-B0D0-950D-59BD-7B1045D3110F}.Release|x86.Build.0 = Release|Win32
		{A7B931CA-136F-AABF-9C63-A4960818A1C3}.Debug|Any CPU.ActiveCfg = Debug|x64
		{A7B931CA-136F-AABF-9C63-A4960818A1C3}.Debug|Any CPU.Build.0 = Debug|x64
		{A7B931CA-136F-AABF-9C63-A4960818A1C3}.Debug|x64.ActiveCfg = Debug|x64
		{A7B931CA-136F-AABF-9C63-A4960818A1C3}.Debug|x64.Build.0 = Debug|x64
		{A7B931CA-136F-AABF-9C63-A4960818A1C3}.Debug|x86.ActiveCfg = Debug|Win32
		{A7B931CA-136F-AABF-9C63-A4960818A1C3}.Debug|x86.Build.0 = Debug|Win32
		{A7B931CA-136F-AABF-9C63-A4960818A1C3}.Release|Any CPU.ActiveCfg = Release|x64
		{A7B931CA-136F-AABF-9C63-A4960818A1C3}.Release|Any CPU.Build.0 = Release|x64
		{A7B931CA-136F-AABF-9C63-A4960818A1C3}.Release|x64.ActiveCfg = Release|x64
		{A7B931CA-136F-AABF-9C63-A4960818A1C3}.Release|x64.Build.0 = Release|x64
		{A7B931CA-136F-AABF-9C63-A4960818A1C3}.Release|x86.ActiveCfg = Release|Win32
		{A7B931CA-136F-AABF-9C63-A4960818A1C3}.Release|x86.Build.0 = Release|Win32
		{D1BE29CD-3D74-A2C2-C668-9C99321D99C6}.Debug|Any CPU.ActiveCfg = Debug|x64
		{D1BE29CD-3D74-A2C2-C668-9C99321D99C6}.Debug|Any CPU.Build.0 = Debug|x64
		{D1BE29CD-3D74-A2C2-C668-9C99321D99C6}.Debug|x64.ActiveCfg = Debug|x64
		{D1BE29CD-3D74-A2C2-C668-9C99321D99C6}.Debug|x64.Build.0 = Debug|x64
		{D1BE29CD-3D74-A2C2-C668-9C99321D99C6}.Debug|x86.ActiveCfg = Debug|Win32
		{D1BE29CD-3D74-A2C2-C668-9C99321D99C6}.Debug|x86.Build.0 = Debug|Win32
		{D1BE29CD-3D74-A2C2-C668-9C99321D99C6}.Release|Any CPU.ActiveCfg = Release|x64
		{D1BE29CD-3D74-A2C2-C668-9C99321D99C6}.Release|Any CPU.Build.0 = Release|x64
		{D1BE29CD-3D74-A2C2-C668-9C99321D99C6}.Release|x64.ActiveCfg = Release|x64
		{D1BE29CD-3D74-A2C2-C668-9C99321D99C6}.Release|x64.Build.0 = Release|x64
		{D1BE29CD-3D74-A2C2-C668-9C99321D99C6}.Release|x86.ActiveCfg = Release|Win32
		{D1BE29CD-3D74-A2C2-C668-9C99321D99C6}.Release|x86.Build.0 = Release|Win32
		{5F775900-4B03-880B-B4B1-880BA05C880B}.Debug|Any CPU.ActiveCfg = Debug|x64
		{5F775900-4B03-880B-B4B1-880BA05C880B}.Debug|Any CPU.Build.0 = Debug|x64
		{5F775900-4B03-880B-B4B1-880BA05C880B}.Debug|x64.ActiveCfg = Debug|x64
		{5F775900-4B03-880B-B4B1-880BA05C880B}.Debug|x64.Build.0 = Debug|x64
		{5F775900-4B03-880B-B4B1-880BA05C880B}.Debug|x86.ActiveCfg = Debug|Win32
		{5F775900-4B03-880B-B4B1-880BA05C880B}.Debug|x86.Build.0 = Debug|Win32
		{5F775900-4B03-880B-B4B1-880BA05C880B}.Release|Any CPU.ActiveCfg = Release|x64
		{5F775900-4B03-880B-B4B1-880BA05C880B}.Release|Any CPU.Build.0 = Release|x64
		{5F775900-4B03-880B-B4B1-880BA05C880B}.Release|x64.ActiveCfg = Release|x64
		{5F775900-4B03-880B-B4B1-880BA05C880B}.Release|x64.Build.0 = Release|x64
		{5F775900-4B03-880B-B4B1-880BA05C880B}.Release|x86.ActiveCfg = Release|Win32
		{5F775900-4B03-880B-B4B1-880BA05C880B}.Release|x86.Build.0 = Release|Win32
		{2EB2967C-1AE9-970D-C3D5-7D10AFEB130F}.Debug|Any CPU.ActiveCfg = Debug|x64
		{2EB2967C-1AE9-970D-C3D5-7D10AFEB130F}.Debug|Any CPU.Build.0 = Debug|x64
		{2EB2967C-1AE9-970D-C3D5-7D10AFEB130F}.Debug|x64.ActiveCfg = Debug|x64
		{2EB2967C-1AE9-970D-C3D5-7D10AFEB130F}.Debug|x64.Build.0 = Debug|x64
		{2EB2967C-1AE9-970D-C3D5-7D10AFEB130F}.Debug|x86.ActiveCfg = Debug|Win32
		{2EB2967C-1AE9-970D-C3D5-7D10AFEB130F}.Debug|x86.Build.0 = Debug|Win32
		{2EB2967C-1AE9-970D-C3D5-7D10AFEB130F}.Release|Any CPU.ActiveCfg = Release|x64
		{2EB2967C-1AE9-970D-C3D5-7D10AFEB130F}.Release|Any CPU.Build.0 = Release|x64
		{2EB2967C-1AE9-970D-C3D5-7D10AFEB130F}.Release|x64.ActiveCfg = Release|x64
		{2EB2967C-1AE9-970D-C3D5-7D10AFEB130F}.Release|x64.Build.0 = Release|x64
		{2EB2967C-1AE9-970D-C3D5-7D10AFEB130F}.Release|x86.ActiveCfg = Release|Win32
		{2EB2967C-1AE9-970D-C3D5-7D10AFEB130F}.Release|x86.Build.0 = Release|Win32
		{D4DE4E6C-4049-03E3-8987-B488F530E137}.Debug|Any CPU.ActiveCfg = Debug|x64
		{D4DE4E6C-4049-03E3-8987-B488F530E137}.Debug|Any CPU.Build.0 = Debug|x64
		{D4DE4E6C-4049-03E3-8987-B488F530E137}.Debug|x64.ActiveCfg = Debug|x64
		{D4DE4E6C-4049-03E3-8987-B488F530E137}.Debug|x64.Build.0 = Debug|x64
		{D4DE4E6C-4049-03E3-8987-B488F530E137}.Debug|x86.ActiveCfg = Debug|Win32
		{D4DE4E6C-4049-03E3-8987-B488F530E137}.Debug|x86.Build.0 = Debug|Win32
		{D4DE4E6C-4049-03E3-8987-B488F530E137}.Release|Any CPU.ActiveCfg = Release|x64
		{D4DE4E6C-4049-03E3-8987-B488F530E137}.Release|Any CPU.Build.0 = Release|x64
		{D4DE4E6C-4049-03E3-8987-B488F530E137}.Release|x64.ActiveCfg = Release|x64
		{D4DE4E6C-4049-03E3-8987-B488F530E137}.Release|x64.Build.0 = Release|x64
		{D4DE4E6C-4049-03E3-8987-B488F530E137}.Release|x86.ActiveCfg = Release|Win32
		{D4DE4E6C-4049-03E3-8987-B488F530E137}.Release|x86.Build.0 = Release|Win32
		{E7DE4E6C-5349-03E3-9C87-B4880831E137}.Debug|Any CPU.ActiveCfg = Debug|x64
		{E7DE4E6C-5349-03E3-9C87-B4880831E137}.Debug|Any CPU.Build.0 = Debug|x64
		{E7DE4E6C-5349-03E3-9C87-B4880831E137}.Debug|x64.ActiveCfg = Debug|x64
		{E7DE4E6C-5349-03E3-9C87-B4880831E137}.Debug|x64.Build.0 = Debug|x64
		{E7DE4E6C-5349-03E3-9C87-B4880831E137}.Debug|x86.ActiveCfg = Debug|Win32
		{E7DE4E6C-5349-03E3-9C87-B4880831E137}.Debug|x86.Build.0 = Debug|Win32
		{E7DE4E6C-5349-03E3-9C87-B4880831E137}.Release|Any CPU.ActiveCfg = Release|x64
		{E7DE4E6C-5349-03E3-9C87-B4880831E137}.Release|Any CPU.Build.0 = Release|x64
		{E7DE4E6C-5349-03E3-9C87-B4880831E137}.Release|x64.ActiveCfg = Release|x64
		{E7DE4E6C-5349-03E3-9C87-B4880831E137}.Release|x64.Build.0 = Release|x64
		{E7DE4E6C-5349-03E3-9C87-B4880831E137}.Release|x86.ActiveCfg = Release|Win32
		{E7DE4E6C-5349-03E3-9C87-B4880831E137}.Release|x86.Build.0 = Release|Win32
		{0D19B900-79F8-379C-8210-C372EE6E9EFD}.Debug|Any CPU.ActiveCfg = Debug|x64
		{0D19B900-79F8-379C-8210-C372EE6E9EFD}.Debug|Any CPU.Build.0 = Debug|x64
		{0D19B900-79F8-379C-8210-C372EE6E9EFD}.Debug|x64.ActiveCfg = Debug|x64
		{0D19B900-79F8-379C-8210-C372EE6E9EFD}.Debug|x64.Build.0 = Debug|x64
		{0D19B900-79F8-379C-8210-C372EE6E9EFD}.Debug|x86.ActiveCfg = Debug|Win32
		{0D19B900-79F8-379C-8210-C372EE6E9EFD}.Debug|x86.Build.0 = Debug|Win32
		{0D19B900-79F8-379C-8210-C372EE6E9EFD}.Release|Any CPU.ActiveCfg = Release|x64
		{0D19B900-79F8-379C-8210-C372EE6E9EFD}.Release|Any CPU.Build.0 = Release|x64
		{0D19B900-79F8-379C-8210-C372EE6E9EFD}.Release|x64.ActiveCfg = Release|x64
		{0D19B900-79F8-379C-8210-C372EE6E9EFD}.Release|x64.Build.0 = Release|x64
		{0D19B900-79F8-379C-8210-C372EE6E9EFD}.Release|x86.ActiveCfg = Release|Win32
		{0D19B900-79F8-379C-8210-C372EE6E9EFD}.Release|x86.Build.0 = Release|Win32
		{4783A312-3351-9718-1CE5-073F0852737D}.Debug|Any CPU.ActiveCfg = Debug|x64
		{4783A312-3351-9718-1CE5-073F0852737D}.Debug|Any CPU.Build.0 = Debug|x64
		{4783A312-3351-9718-1CE5-073F0852737D}.Debug|x64.ActiveCfg = Debug|x64
		{4783A312-3351-9718-1CE5-073F0852737D}.Debug|x64.Build.0 = Debug|x64
		{4783A312-3351-9718-1CE5-073F0852737D}.Debug|x86.ActiveCfg = Debug|Win32
		{4783A312-3351-9718-1CE5-073F0852737D}.Debug|x86.Build.0 = Debug|Win32
		{4783A312-3351-9718-1CE5-073F0852737D}.Release|Any CPU.ActiveCfg = Release|x64
		{4783A312-3351-9718-1CE5-073F0852737D}.Release|Any CPU.Build.0 = Release|x64
		{4783A312-3351-9718-1CE5-073F0852737D}.Release|x64.ActiveCfg = Release|x64
		{4783A312-3351-9718-1CE5-073F0852737D}.Release|x64.Build.0 = Release|x64
		{4783A312-3351-9718-1CE5-073F0852737D}.Release|x86.ActiveCfg = Release|Win32
		{4783A312-3351-9718-1CE5-073F0852737D}.Release|x86.Build.0 = Release|Win32
		{FF44D591-6B24-542D-743C-DF03E09ABA8E}.Debug|Any CPU.ActiveCfg = Debug|x64
		{FF44D591-6B24-542D-743C-DF03E09ABA8E}.Debug|Any CPU.Build.0 = Debug|x64
		{FF44D591-6B24-542D-743C-DF03E09ABA8E}.Debug|x64.ActiveCfg = Debug|x64
		{FF44D591-6B24-542D-743C-DF03E09ABA8E}.Debug|x64.Build.0 = Debug|x64
		{FF44D591-6B24-542D-743C-DF03E09ABA8E}.Debug|x86.ActiveCfg = Debug|Win32
		{FF44D591-6B24-542D-743C-DF03E09ABA8E}.Debug|x86.Build.0 = Debug|Win32
		{FF44D591-6B24-542D-743C-DF03E09ABA8E}.Release|Any CPU.ActiveCfg = Release|x64
		{FF44D591-6B24-542D-743C-DF03E09ABA8E}.Release|Any CPU.Build.0 = Release|x64
		{FF44D591-6B24-542D-743C-DF03E09ABA8E}.Release|x64.ActiveCfg = Release|x64
		{FF44D591-6B24-542D-743C-DF03E09ABA8E}.Release|x64.Build.0 = Release|x64
		{FF44D591-6B24-542D-743C-DF03E09ABA8E}.Release|x86.ActiveCfg = Release|Win32
		{FF44D591-6B24-542D-743C-DF03E09ABA8E}.Release|x86.Build.0 = Release|Win32
		{F0E19980-5C97-1276-E58B-0C4D5140097A}.Debug|Any CPU.ActiveCfg = Debug|x64
		{F0E19980-5C97-1276-E58B-0C4D5140097A}.Debug|Any CPU.Build.0 = Debug|x64
		{F0E19980-5C97-1276-E58B-0C4D5140097A}.Debug|x64.ActiveCfg = Debug|x64
		{F0E19980-5C97-1276-E58B-0C4D5140097A}.Debug|x64.Build.0 = Debug|x64
		{F0E19980-5C97-1276-E58B-0C4D5140097A}.Debug|x86.ActiveCfg = Debug|Win32
		{F0E19980-5C97-1276-E58B-0C4D5140097A}.Debug|x86.Build.0 = Debug|Win32
		{F0E19980-5C97-1276-E58B-0C4D5140097A}.Release|Any CPU.ActiveCfg = Release|x64
		{F0E19980-5C97-1276-E58B-0C4D5140097A}.Release|Any CPU.Build.0 = Release|x64
		{F0E19980-5C97-1276-E58B-0C4D5140097A}.Release|x64.ActiveCfg = Release|x64
		{F0E19980-5C97-1276-E58B-0C4D5140097A}.Release|x64.Build.0 = Release|x64
		{F0E19980-5C97-1276-E58B-0C4D5140097A}.Release|x86.ActiveCfg = Release|Win32
		{F0E19980-5C97-1276-E58B-0C4D5140097A}.Release|x86.Build.0 = Release|Win32
		{F952D147-65BD-85BE-AEFB-36641AA56313}.Debug|Any CPU.ActiveCfg = Debug|x64
		{F952D147-65BD-85BE-AEFB-36641AA56313}.Debug|Any CPU.Build.0 = Debug|x64
		{F952D147-65BD-85BE-AEFB-36641AA56313}.Debug|x64.ActiveCfg = Debug|x64
		{F952D147-65BD-85BE-AEFB-36641AA56313}.Debug|x64.Build.0 = Debug|x64
		{F952D147-65BD-85BE-AEFB-36641AA56313}.Debug|x86.ActiveCfg = Debug|Win32
		{F952D147-65BD-85BE-AEFB-36641AA56313}.Debug|x86.Build.0 = Debug|Win32
		{F952D147-65BD-85BE-AEFB-36641AA56313}.Release|Any CPU.ActiveCfg = Release|x64
		{F952D147-65BD-85BE-AEFB-36641AA56313}.Release|Any CPU.Build.0 = Release|x64
		{F952D147-65BD-85BE-AEFB-36641AA56313}.Release|x64.ActiveCfg = Release|x64
		{F952D147-65BD-85BE-AEFB-36641AA56313}.Release|x64.Build.0 = Release|x64
		{F952D147-65BD-85BE-AEFB-36641AA56313}.Release|x86.ActiveCfg = Release|Win32
		{F952D147-65BD-85BE-AEFB-36641AA56313}.Release|x86.Build.0 = Release|Win32
		{B9F8A108-A5C5-FC13-CEDE-EABBBA0A32A2}.Debug|Any CPU.ActiveCfg = Debug|x64
		{B9F8A108-A5C5-FC13-CEDE-EABBBA0A32A2}.Debug|Any CPU.Build.0 = Debug|x64
		{B9F8A108-A5C5-FC13-CEDE-EABBBA0A32A2}.Debug|x64.ActiveCfg = Debug|x64
		{B9F8A108-A5C5-FC13-CEDE-EABBBA0A32A2}.Debug|x64.Build.0 = Debug|x64
		{B9F8A108-A5C5-FC13-CEDE-EABBBA0A32A2}.Debug|x86.ActiveCfg = Debug|Win32
		{B9F8A108-A5C5-FC13-CEDE-EABBBA0A32A2}.Debug|x86.Build.0 = Debug|Win32
		{B9F8A108-A5C5-FC13-CEDE-EABBBA0A32A2}.Release|Any CPU.ActiveCfg = Release|x64
		{B9F8A108-A5C5-FC13-CEDE-EABBBA0A32A2}.Release|Any CPU.Build.0 = Release|x64
		{B9F8A108-A5C5-FC13-CEDE-EABBBA0A32A2}.Release|x64.ActiveCfg = Release|x64
		{B9F8A108-A5C5-FC13-CEDE-EABBBA0A32A2}.Release|x64.Build.0 = Release|x64
		{B9F8A108-A5C5-FC13-CEDE-EABBBA0A32A2}.Release|x86.ActiveCfg = Release|Win32
		{B9F8A108-A5C5-FC13-CEDE-EABBBA0A32A2}.Release|x86.Build.0 = Release|Win32
		{CCF8A108-B8C5-FC13-E1DE-EABBCD0A32A2}.Debug|Any CPU.ActiveCfg = Debug|x64
		{CCF8A108-B8C5-FC13-E1DE-EABBCD0A32A2}.Debug|Any CPU.Build.0 = Debug|x64
		{CCF8A108-B8C5-FC13-E1DE-EABBCD0A32A2}.Debug|x64.ActiveCfg = Debug|x64
		{CCF8A108-B8C5-FC13-E1DE-EABBCD0A32A2}.Debug|x64.Build.0 = Debug|x64
		{CCF8A108-B8C5-FC13-E1DE-EABBCD0A32A2}.Debug|x86.ActiveCfg = Debug|Win32
		{CCF8A108-B8C5-FC13-E1DE-EABBCD0A32A2}.Debug|x86.Build.0 = Debug|Win32
		{CCF8A108-B8C5-FC13-E1DE-EABBCD0A32A2}.Release|Any CPU.ActiveCfg = Release|x64
		{CCF8A108-B8C5-FC13-E1DE-EABBCD0A32A2}.Release|Any CPU.Build.0 = Release|x64
		{CCF8A108-B8C5-FC13-E1DE-EABBCD0A32A2}.Release|x64.ActiveCfg = Release|x64
		{CCF8A108-B8C5-FC13-E1DE-EABBCD0A32A2}.Release|x64.Build.0 = Release|x64
		{CCF8A108-B8C5-FC13-E1DE-EABBCD0A32A2}.Release|x86.ActiveCfg = Release|Win32
		{CCF8A108-B8C5-FC13-E1DE-EABBCD0A32A2}.Release|x86.Build.0 = Release|Win32
		{A788128C-9356-0692-7CEA-76B86857E2F6}.Debug|Any CPU.ActiveCfg = Debug|x64
		{A788128C-9356-0692-7CEA-76B86857E2F6}.Debug|Any CPU.Build.0 = Debug|x64
		{A788128C-9356-0692-7CEA-76B86857E2F6}.Debug|x64.ActiveCfg = Debug|x64
		{A788128C-9356-0692-7CEA-76B86857E2F6}.Debug|x64.Build.0 = Debug|x64
		{A788128C-9356-0692-7CEA-76B86857E2F6}.Debug|x86.ActiveCfg = Debug|Win32
		{A788128C-9356-0692-7CEA-76B86857E2F6}.Debug|x86.Build.0 = Debug|Win32
		{A788128C-9356-0692-7CEA-76B86857E2F6}.Release|Any CPU.ActiveCfg = Release|x64
		{A788128C-9356-0692-7CEA-76B86857E2F6}.Release|Any CPU.Build.0 = Release|x64
		{A788128C-9356-0692-7CEA-76B86857E2F6}.Release|x64.ActiveCfg = Release|x64
		{A788128C-9356-0692-7CEA-76B86857E2F6}.Release|x64.Build.0 = Release|x64
		{A788128C-9356-0692-7CEA-76B86857E2F6}.Release|x86.ActiveCfg = Release|Win32
		{A788128C-9356-0692-7CEA-76B86857E2F6}.Release|x86.Build.0 = Release|Win32
		{2B1D7912-1780-08B7-C005-416DAC47D439}.Debug|Any CPU.ActiveCfg = Debug|x64
		{2B1D7912-1780-08B7-C005-416DAC47D439}.Debug|Any CPU.Build.0 = Debug|x64
		{2B1D7912-1780-08B7-C005-416DAC47D439}.Debug|x64.ActiveCfg = Debug|x64
		{2B1D7912-1780-08B7-C005-416DAC47D439}.Debug|x64.Build.0 = Debug|x64
		{2B1D7912-1780-08B7-C005-416DAC47D439}.Debug|x86.ActiveCfg = Debug|Win32
		{2B1D7912-1780-08B7-C005-416DAC47D439}.Debug|x86.Build.0 = Debug|Win32
		{2B1D7912-1780-08B7-C005-416DAC47D439}.Release|Any CPU.ActiveCfg = Release|x64
		{2B1D7912-1780-08B7-C005-416DAC47D439}.Release|Any CPU.Build.0 = Release|x64
		{2B1D7912-1780-08B7-C005-416DAC47D439}.Release|x64.ActiveCfg = Release|x64
		{2B1D7912-1780-08B7-C005-416DAC47D439}.Release|x64.Build.0 = Release|x64
		{2B1D7912-1780-08B7-C005-416DAC47D439}.Release|x86.ActiveCfg = Release|Win32
		{2B1D7912-1780-08B7-C005-416DAC47D439}.Release|x86.Build.0 = Release|Win32
		{83DD2F81-83B1-4A63-94A5-AD4E7D176FC9}.Debug|Any CPU.ActiveCfg = Debug|Any CPU
		{83DD2F81-83B1-4A63-94A5-AD4E7D176FC9}.Debug|Any CPU.Build.0 = Debug|Any CPU
		{83DD2F81-83B1-4A63-94A5-AD4E7D176FC9}.Debug|x64.ActiveCfg = Debug|Any CPU
		{83DD2F81-83B1-4A63-94A5-AD4E7D176FC9}.Debug|x64.Build.0 = Debug|Any CPU
		{83DD2F81-83B1-4A63-94A5-AD4E7D176FC9}.Debug|x86.ActiveCfg = Debug|Any CPU
		{83DD2F81-83B1-4A63-94A5-AD4E7D176FC9}.Debug|x86.Build.0 = Debug|Any CPU
		{83DD2F81-83B1-4A63-94A5-AD4E7D176FC9}.Release|Any CPU.ActiveCfg = Release|Any CPU
		{83DD2F81-83B1-4A63-94A5-AD4E7D176FC9}.Release|Any CPU.Build.0 = Release|Any CPU
		{83DD2F81-83B1-4A63-94A5-AD4E7D176FC9}.Release|x64.ActiveCfg = Release|Any CPU
		{83DD2F81-83B1-4A63-94A5-AD4E7D176FC9}.Release|x64.Build.0 = Release|Any CPU
		{83DD2F81-83B1-4A63-94A5-AD4E7D176FC9}.Release|x86.ActiveCfg = Release|Any CPU
		{83DD2F81-83B1-4A63-94A5-AD4E7D176FC9}.Release|x86.Build.0 = Release|Any CPU
		{E364DE76-D1B3-42F2-80EE-4599A7EF92EC}.Debug|Any CPU.ActiveCfg = Debug|Any CPU
		{E364DE76-D1B3-42F2-80EE-4599A7EF92EC}.Debug|Any CPU.Build.0 = Debug|Any CPU
		{E364DE76-D1B3-42F2-80EE-4599A7EF92EC}.Debug|Any CPU.Deploy.0 = Debug|Any CPU
		{E364DE76-D1B3-42F2-80EE-4599A7EF92EC}.Debug|x64.ActiveCfg = Debug|Any CPU
		{E364DE76-D1B3-42F2-80EE-4599A7EF92EC}.Debug|x64.Build.0 = Debug|Any CPU
		{E364DE76-D1B3-42F2-80EE-4599A7EF92EC}.Debug|x64.Deploy.0 = Debug|Any CPU
		{E364DE76-D1B3-42F2-80EE-4599A7EF92EC}.Debug|x86.ActiveCfg = Debug|Any CPU
		{E364DE76-D1B3-42F2-80EE-4599A7EF92EC}.Debug|x86.Build.0 = Debug|Any CPU
		{E364DE76-D1B3-42F2-80EE-4599A7EF92EC}.Debug|x86.Deploy.0 = Debug|Any CPU
		{E364DE76-D1B3-42F2-80EE-4599A7EF92EC}.Release|Any CPU.ActiveCfg = Release|Any CPU
		{E364DE76-D1B3-42F2-80EE-4599A7EF92EC}.Release|Any CPU.Build.0 = Release|Any CPU
		{E364DE76-D1B3-42F2-80EE-4599A7EF92EC}.Release|Any CPU.Deploy.0 = Release|Any CPU
		{E364DE76-D1B3-42F2-80EE-4599A7EF92EC}.Release|x64.ActiveCfg = Release|Any CPU
		{E364DE76-D1B3-42F2-80EE-4599A7EF92EC}.Release|x64.Build.0 = Release|Any CPU
		{E364DE76-D1B3-42F2-80EE-4599A7EF92EC}.Release|x64.Deploy.0 = Release|Any CPU
		{E364DE76-D1B3-42F2-80EE-4599A7EF92EC}.Release|x86.ActiveCfg = Release|Any CPU
		{E364DE76-D1B3-42F2-80EE-4599A7EF92EC}.Release|x86.Build.0 = Release|Any CPU
		{E364DE76-D1B3-42F2-80EE-4599A7EF92EC}.Release|x86.Deploy.0 = Release|Any CPU
		{D194B90E-F412-423B-BA3C-12FDCB75F1FD}.Debug|Any CPU.ActiveCfg = Debug|Any CPU
		{D194B90E-F412-423B-BA3C-12FDCB75F1FD}.Debug|Any CPU.Build.0 = Debug|Any CPU
		{D194B90E-F412-423B-BA3C-12FDCB75F1FD}.Debug|x64.ActiveCfg = Debug|Any CPU
		{D194B90E-F412-423B-BA3C-12FDCB75F1FD}.Debug|x64.Build.0 = Debug|Any CPU
		{D194B90E-F412-423B-BA3C-12FDCB75F1FD}.Debug|x86.ActiveCfg = Debug|Any CPU
		{D194B90E-F412-423B-BA3C-12FDCB75F1FD}.Debug|x86.Build.0 = Debug|Any CPU
		{D194B90E-F412-423B-BA3C-12FDCB75F1FD}.Release|Any CPU.ActiveCfg = Release|Any CPU
		{D194B90E-F412-423B-BA3C-12FDCB75F1FD}.Release|Any CPU.Build.0 = Release|Any CPU
		{D194B90E-F412-423B-BA3C-12FDCB75F1FD}.Release|x64.ActiveCfg = Release|Any CPU
		{D194B90E-F412-423B-BA3C-12FDCB75F1FD}.Release|x64.Build.0 = Release|Any CPU
		{D194B90E-F412-423B-BA3C-12FDCB75F1FD}.Release|x86.ActiveCfg = Release|Any CPU
		{D194B90E-F412-423B-BA3C-12FDCB75F1FD}.Release|x86.Build.0 = Release|Any CPU
		{A8F36875-417D-434B-8ADF-0CFB93A5B649}.Debug|Any CPU.ActiveCfg = Debug|Any CPU
		{A8F36875-417D-434B-8ADF-0CFB93A5B649}.Debug|Any CPU.Build.0 = Debug|Any CPU
		{A8F36875-417D-434B-8ADF-0CFB93A5B649}.Debug|Any CPU.Deploy.0 = Debug|Any CPU
		{A8F36875-417D-434B-8ADF-0CFB93A5B649}.Debug|x64.ActiveCfg = Debug|Any CPU
		{A8F36875-417D-434B-8ADF-0CFB93A5B649}.Debug|x64.Build.0 = Debug|Any CPU
		{A8F36875-417D-434B-8ADF-0CFB93A5B649}.Debug|x64.Deploy.0 = Debug|Any CPU
		{A8F36875-417D-434B-8ADF-0CFB93A5B649}.Debug|x86.ActiveCfg = Debug|Any CPU
		{A8F36875-417D-434B-8ADF-0CFB93A5B649}.Debug|x86.Build.0 = Debug|Any CPU
		{A8F36875-417D-434B-8ADF-0CFB93A5B649}.Debug|x86.Deploy.0 = Debug|Any CPU
		{A8F36875-417D-434B-8ADF-0CFB93A5B649}.Release|Any CPU.ActiveCfg = Release|Any CPU
		{A8F36875-417D-434B-8ADF-0CFB93A5B649}.Release|Any CPU.Build.0 = Release|Any CPU
		{A8F36875-417D-434B-8ADF-0CFB93A5B649}.Release|Any CPU.Deploy.0 = Release|Any CPU
		{A8F36875-417D-434B-8ADF-0CFB93A5B649}.Release|x64.ActiveCfg = Release|Any CPU
		{A8F36875-417D-434B-8ADF-0CFB93A5B649}.Release|x64.Build.0 = Release|Any CPU
		{A8F36875-417D-434B-8ADF-0CFB93A5B649}.Release|x64.Deploy.0 = Release|Any CPU
		{A8F36875-417D-434B-8ADF-0CFB93A5B649}.Release|x86.ActiveCfg = Release|Any CPU
		{A8F36875-417D-434B-8ADF-0CFB93A5B649}.Release|x86.Build.0 = Release|Any CPU
		{A8F36875-417D-434B-8ADF-0CFB93A5B649}.Release|x86.Deploy.0 = Release|Any CPU
		{AD5B9DE9-C8A9-4036-ADDD-67E1A851095C}.Debug|Any CPU.ActiveCfg = Debug|Any CPU
		{AD5B9DE9-C8A9-4036-ADDD-67E1A851095C}.Debug|Any CPU.Build.0 = Debug|Any CPU
		{AD5B9DE9-C8A9-4036-ADDD-67E1A851095C}.Debug|x64.ActiveCfg = Debug|Any CPU
		{AD5B9DE9-C8A9-4036-ADDD-67E1A851095C}.Debug|x64.Build.0 = Debug|Any CPU
		{AD5B9DE9-C8A9-4036-ADDD-67E1A851095C}.Debug|x86.ActiveCfg = Debug|Any CPU
		{AD5B9DE9-C8A9-4036-ADDD-67E1A851095C}.Debug|x86.Build.0 = Debug|Any CPU
		{AD5B9DE9-C8A9-4036-ADDD-67E1A851095C}.Release|Any CPU.ActiveCfg = Release|Any CPU
		{AD5B9DE9-C8A9-4036-ADDD-67E1A851095C}.Release|Any CPU.Build.0 = Release|Any CPU
		{AD5B9DE9-C8A9-4036-ADDD-67E1A851095C}.Release|x64.ActiveCfg = Release|Any CPU
		{AD5B9DE9-C8A9-4036-ADDD-67E1A851095C}.Release|x64.Build.0 = Release|Any CPU
		{AD5B9DE9-C8A9-4036-ADDD-67E1A851095C}.Release|x86.ActiveCfg = Release|Any CPU
		{AD5B9DE9-C8A9-4036-ADDD-67E1A851095C}.Release|x86.Build.0 = Release|Any CPU
		{629332CE-F8D8-491C-B7B7-D401ED5C4974}.Debug|Any CPU.ActiveCfg = Debug|Any CPU
		{629332CE-F8D8-491C-B7B7-D401ED5C4974}.Debug|Any CPU.Build.0 = Debug|Any CPU
		{629332CE-F8D8-491C-B7B7-D401ED5C4974}.Debug|x64.ActiveCfg = Debug|Any CPU
		{629332CE-F8D8-491C-B7B7-D401ED5C4974}.Debug|x64.Build.0 = Debug|Any CPU
		{629332CE-F8D8-491C-B7B7-D401ED5C4974}.Debug|x86.ActiveCfg = Debug|Any CPU
		{629332CE-F8D8-491C-B7B7-D401ED5C4974}.Debug|x86.Build.0 = Debug|Any CPU
		{629332CE-F8D8-491C-B7B7-D401ED5C4974}.Release|Any CPU.ActiveCfg = Release|Any CPU
		{629332CE-F8D8-491C-B7B7-D401ED5C4974}.Release|Any CPU.Build.0 = Release|Any CPU
		{629332CE-F8D8-491C-B7B7-D401ED5C4974}.Release|x64.ActiveCfg = Release|Any CPU
		{629332CE-F8D8-491C-B7B7-D401ED5C4974}.Release|x64.Build.0 = Release|Any CPU
		{629332CE-F8D8-491C-B7B7-D401ED5C4974}.Release|x86.ActiveCfg = Release|Any CPU
		{629332CE-F8D8-491C-B7B7-D401ED5C4974}.Release|x86.Build.0 = Release|Any CPU
		{33334638-3F40-4671-9DCA-3267E08CB3F5}.Debug|Any CPU.ActiveCfg = Debug|x64
		{33334638-3F40-4671-9DCA-3267E08CB3F5}.Debug|Any CPU.Build.0 = Debug|x64
		{33334638-3F40-4671-9DCA-3267E08CB3F5}.Debug|x64.ActiveCfg = Debug|x64
		{33334638-3F40-4671-9DCA-3267E08CB3F5}.Debug|x64.Build.0 = Debug|x64
		{33334638-3F40-4671-9DCA-3267E08CB3F5}.Debug|x86.ActiveCfg = Debug|Win32
		{33334638-3F40-4671-9DCA-3267E08CB3F5}.Debug|x86.Build.0 = Debug|Win32
		{33334638-3F40-4671-9DCA-3267E08CB3F5}.Release|Any CPU.ActiveCfg = Release|x64
		{33334638-3F40-4671-9DCA-3267E08CB3F5}.Release|Any CPU.Build.0 = Release|x64
		{33334638-3F40-4671-9DCA-3267E08CB3F5}.Release|x64.ActiveCfg = Release|x64
		{33334638-3F40-4671-9DCA-3267E08CB3F5}.Release|x64.Build.0 = Release|x64
		{33334638-3F40-4671-9DCA-3267E08CB3F5}.Release|x86.ActiveCfg = Release|Win32
		{33334638-3F40-4671-9DCA-3267E08CB3F5}.Release|x86.Build.0 = Release|Win32
	EndGlobalSection
	GlobalSection(SolutionProperties) = preSolution
		HideSolutionNode = FALSE
	EndGlobalSection
	GlobalSection(NestedProjects) = preSolution
		{6C90947C-58C7-950D-01B4-7B10EDC9110F} = {02EA681E-C7D8-13C7-8484-4AC65E1B71E8}
		{C499947C-B0D0-950D-59BD-7B1045D3110F} = {02EA681E-C7D8-13C7-8484-4AC65E1B71E8}
		{A7B931CA-136F-AABF-9C63-A4960818A1C3} = {02EA681E-C7D8-13C7-8484-4AC65E1B71E8}
		{D1BE29CD-3D74-A2C2-C668-9C99321D99C6} = {02EA681E-C7D8-13C7-8484-4AC65E1B71E8}
		{5F775900-4B03-880B-B4B1-880BA05C880B} = {02EA681E-C7D8-13C7-8484-4AC65E1B71E8}
		{2EB2967C-1AE9-970D-C3D5-7D10AFEB130F} = {02EA681E-C7D8-13C7-8484-4AC65E1B71E8}
		{D4DE4E6C-4049-03E3-8987-B488F530E137} = {02EA681E-C7D8-13C7-8484-4AC65E1B71E8}
		{E7DE4E6C-5349-03E3-9C87-B4880831E137} = {02EA681E-C7D8-13C7-8484-4AC65E1B71E8}
		{0D19B900-79F8-379C-8210-C372EE6E9EFD} = {02EA681E-C7D8-13C7-8484-4AC65E1B71E8}
		{4783A312-3351-9718-1CE5-073F0852737D} = {02EA681E-C7D8-13C7-8484-4AC65E1B71E8}
		{FF44D591-6B24-542D-743C-DF03E09ABA8E} = {02EA681E-C7D8-13C7-8484-4AC65E1B71E8}
		{F0E19980-5C97-1276-E58B-0C4D5140097A} = {02EA681E-C7D8-13C7-8484-4AC65E1B71E8}
		{F952D147-65BD-85BE-AEFB-36641AA56313} = {02EA681E-C7D8-13C7-8484-4AC65E1B71E8}
		{B9F8A108-A5C5-FC13-CEDE-EABBBA0A32A2} = {02EA681E-C7D8-13C7-8484-4AC65E1B71E8}
		{CCF8A108-B8C5-FC13-E1DE-EABBCD0A32A2} = {02EA681E-C7D8-13C7-8484-4AC65E1B71E8}
		{A788128C-9356-0692-7CEA-76B86857E2F6} = {02EA681E-C7D8-13C7-8484-4AC65E1B71E8}
		{2B1D7912-1780-08B7-C005-416DAC47D439} = {02EA681E-C7D8-13C7-8484-4AC65E1B71E8}
		{33334638-3F40-4671-9DCA-3267E08CB3F5} = {D6970232-645D-4A61-B3B9-0542EBAD942E}
	EndGlobalSection
	GlobalSection(ExtensibilityGlobals) = postSolution
		SolutionGuid = {7B3F710B-DDAE-4E65-8F5B-4C032C4DB0CE}
	EndGlobalSection
EndGlobal
